
Microsoft Visual Studio Solution File, Format Version 12.00
# Visual Studio Version 16
VisualStudioVersion = 16.0.30804.86
MinimumVisualStudioVersion = 10.0.40219.1
Project("{888888A0-9F3D-457C-B088-3A5042F75D52}") = "Graphing Program", "Graphing Program.pyproj", "{91AEF8CF-76A0-4C45-B833-E373FDB9A776}"
EndProject
Global
	GlobalSection(SolutionConfigurationPlatforms) = preSolution
		Debug|Any CPU = Debug|Any CPU
		Release|Any CPU = Release|Any CPU
	EndGlobalSection
	GlobalSection(ProjectConfigurationPlatforms) = postSolution
		{91AEF8CF-76A0-4C45-B833-E373FDB9A776}.Debug|Any CPU.ActiveCfg = Debug|Any CPU
		{91AEF8CF-76A0-4C45-B833-E373FDB9A776}.Release|Any CPU.ActiveCfg = Release|Any CPU
	EndGlobalSection
	GlobalSection(SolutionProperties) = preSolution
		HideSolutionNode = FALSE
	EndGlobalSection
	GlobalSection(ExtensibilityGlobals) = postSolution
		SolutionGuid = {77F8E0F7-7153-438A-A81D-AA779537E388}
	EndGlobalSection
EndGlobal
